<?xml version="1.0" encoding="UTF-8" standalone="yes" ?>
<CodeBlocks_project_file>
	<FileVersion major="1" minor="6" />
	<Project>
		<Option title="UTNFLIX" />
		<Option pch_mode="2" />
		<Option compiler="gcc" />
		<Build>
			<Target title="Debug">
				<Option output="bin/Debug/UTNFLIX" prefix_auto="1" extension_auto="1" />
				<Option object_output="obj/Debug/" />
				<Option type="1" />
				<Option compiler="gcc" />
				<Compiler>
					<Add option="-g" />
				</Compiler>
			</Target>
			<Target title="Release">
				<Option output="bin/Release/UTNFLIX" prefix_auto="1" extension_auto="1" />
				<Option object_output="obj/Release/" />
				<Option type="1" />
				<Option compiler="gcc" />
				<Compiler>
					<Add option="-O2" />
				</Compiler>
				<Linker>
					<Add option="-s" />
				</Linker>
			</Target>
		</Build>
		<Compiler>
			<Add option="-Wall" />
			<Add option="-fexceptions" />
		</Compiler>
		<Unit filename="CargaLoteContenido.cpp" />
		<Unit filename="CargaLoteGenero.cpp" />
		<Unit filename="CargaLoteSuscriptores.cpp" />
		<Unit filename="CargaLotesReproducciones.cpp" />
		<Unit filename="DesafioAdicional.cpp" />
		<Unit filename="Funciones.h">
			<Option target="&lt;{~None~}&gt;" />
		</Unit>
		<Unit filename="Menu Principal.cpp" />
		<Unit filename="RepActPorPlanSuscripcion.cpp" />
		<Unit filename="RepContSinReprod.cpp" />
		<Unit filename="RepRankingContMasRep.cpp" />
		<Unit filename="RepRepPorGenYDiaSemana.cpp" />
		<Unit filename="RepTop5SubsSorteoAccesoAnt.cpp" />
		<Unit filename="main.cpp" />
		<Extensions>
			<lib_finder disable_auto="1" />
		</Extensions>
	</Project>
</CodeBlocks_project_file>
